
Microsoft Visual Studio Solution File, Format Version 12.00
# Visual Studio 2012
Project("{FAE04EC0-301F-11D3-BF4B-00C04F79EFBC}") = "CardGame2", "CardGame2\CardGame2.csproj", "{8755827F-2A14-46B2-93CF-2BD3CD7DCA86}"
EndProject
Global
	GlobalSection(SolutionConfigurationPlatforms) = preSolution
		Debug|Any CPU = Debug|Any CPU
		Release|Any CPU = Release|Any CPU
	EndGlobalSection
	GlobalSection(ProjectConfigurationPlatforms) = postSolution
		{8755827F-2A14-46B2-93CF-2BD3CD7DCA86}.Debug|Any CPU.ActiveCfg = Debug|Any CPU
		{8755827F-2A14-46B2-93CF-2BD3CD7DCA86}.Debug|Any CPU.Build.0 = Debug|Any CPU
		{8755827F-2A14-46B2-93CF-2BD3CD7DCA86}.Release|Any CPU.ActiveCfg = Release|Any CPU
		{8755827F-2A14-46B2-93CF-2BD3CD7DCA86}.Release|Any CPU.Build.0 = Release|Any CPU
	EndGlobalSection
	GlobalSection(SolutionProperties) = preSolution
		HideSolutionNode = FALSE
	EndGlobalSection
EndGlobal
